
Microsoft Visual Studio Solution File, Format Version 12.00
# Visual Studio 2012
Project("{FAE04EC0-301F-11D3-BF4B-00C04F79EFBC}") = "mindfulness", "mindfulness.csproj", "{66099530-0473-4B78-B099-CBB8D6EB3107}"
EndProject
Project("{FAE04EC0-301F-11D3-BF4B-00C04F79EFBC}") = "mindfulness.iOS", "iOS\mindfulness.iOS.csproj", "{00EE54FE-C7AD-4B31-9C7A-2E0E30ACB60E}"
EndProject
Global
	GlobalSection(SolutionConfigurationPlatforms) = preSolution
		Debug|Any CPU = Debug|Any CPU
		Release|Any CPU = Release|Any CPU
		Debug|iPhoneSimulator = Debug|iPhoneSimulator
		Release|iPhone = Release|iPhone
		Release|iPhoneSimulator = Release|iPhoneSimulator
		Debug|iPhone = Debug|iPhone
	EndGlobalSection
	GlobalSection(ProjectConfigurationPlatforms) = postSolution
		{66099530-0473-4B78-B099-CBB8D6EB3107}.Debug|Any CPU.ActiveCfg = Debug|Any CPU
		{66099530-0473-4B78-B099-CBB8D6EB3107}.Debug|Any CPU.Build.0 = Debug|Any CPU
		{66099530-0473-4B78-B099-CBB8D6EB3107}.Release|Any CPU.ActiveCfg = Release|Any CPU
		{66099530-0473-4B78-B099-CBB8D6EB3107}.Release|Any CPU.Build.0 = Release|Any CPU
		{66099530-0473-4B78-B099-CBB8D6EB3107}.Debug|iPhoneSimulator.ActiveCfg = Debug|Any CPU
		{66099530-0473-4B78-B099-CBB8D6EB3107}.Debug|iPhoneSimulator.Build.0 = Debug|Any CPU
		{66099530-0473-4B78-B099-CBB8D6EB3107}.Release|iPhone.ActiveCfg = Release|Any CPU
		{66099530-0473-4B78-B099-CBB8D6EB3107}.Release|iPhone.Build.0 = Release|Any CPU
		{66099530-0473-4B78-B099-CBB8D6EB3107}.Release|iPhoneSimulator.ActiveCfg = Release|Any CPU
		{66099530-0473-4B78-B099-CBB8D6EB3107}.Release|iPhoneSimulator.Build.0 = Release|Any CPU
		{66099530-0473-4B78-B099-CBB8D6EB3107}.Debug|iPhone.ActiveCfg = Debug|Any CPU
		{66099530-0473-4B78-B099-CBB8D6EB3107}.Debug|iPhone.Build.0 = Debug|Any CPU
		{00EE54FE-C7AD-4B31-9C7A-2E0E30ACB60E}.Debug|Any CPU.ActiveCfg = Debug|iPhoneSimulator
		{00EE54FE-C7AD-4B31-9C7A-2E0E30ACB60E}.Debug|Any CPU.Build.0 = Debug|iPhoneSimulator
		{00EE54FE-C7AD-4B31-9C7A-2E0E30ACB60E}.Release|Any CPU.ActiveCfg = Release|iPhone
		{00EE54FE-C7AD-4B31-9C7A-2E0E30ACB60E}.Release|Any CPU.Build.0 = Release|iPhone
		{00EE54FE-C7AD-4B31-9C7A-2E0E30ACB60E}.Debug|iPhoneSimulator.ActiveCfg = Debug|iPhoneSimulator
		{00EE54FE-C7AD-4B31-9C7A-2E0E30ACB60E}.Debug|iPhoneSimulator.Build.0 = Debug|iPhoneSimulator
		{00EE54FE-C7AD-4B31-9C7A-2E0E30ACB60E}.Release|iPhone.ActiveCfg = Release|iPhone
		{00EE54FE-C7AD-4B31-9C7A-2E0E30ACB60E}.Release|iPhone.Build.0 = Release|iPhone
		{00EE54FE-C7AD-4B31-9C7A-2E0E30ACB60E}.Release|iPhoneSimulator.ActiveCfg = Release|iPhoneSimulator
		{00EE54FE-C7AD-4B31-9C7A-2E0E30ACB60E}.Release|iPhoneSimulator.Build.0 = Release|iPhoneSimulator
		{00EE54FE-C7AD-4B31-9C7A-2E0E30ACB60E}.Debug|iPhone.ActiveCfg = Debug|iPhone
		{00EE54FE-C7AD-4B31-9C7A-2E0E30ACB60E}.Debug|iPhone.Build.0 = Debug|iPhone
	EndGlobalSection
EndGlobal
